
Microsoft Visual Studio Solution File, Format Version 12.00
# Visual Studio 15
VisualStudioVersion = 15.0.27428.2037
MinimumVisualStudioVersion = 10.0.40219.1
Project("{FAE04EC0-301F-11D3-BF4B-00C04F79EFBC}") = "Developer_Demo_Xamarin.Android", "Developer_Demo_Xamarin\Developer_Demo_Xamarin.Android\Developer_Demo_Xamarin.Android.csproj", "{4C8C86CB-543D-4E67-A93A-E5046F1E7540}"
EndProject
Project("{FAE04EC0-301F-11D3-BF4B-00C04F79EFBC}") = "Developer_Demo_Xamarin.iOS", "Developer_Demo_Xamarin\Developer_Demo_Xamarin.iOS\Developer_Demo_Xamarin.iOS.csproj", "{24D79911-9BDE-4DC8-9BB5-2891BDDB50DC}"
EndProject
Project("{FAE04EC0-301F-11D3-BF4B-00C04F79EFBC}") = "Developer_Demo_Xamarin", "Developer_Demo_Xamarin\Developer_Demo_Xamarin\Developer_Demo_Xamarin.csproj", "{BE56F10F-47D4-4D79-B15D-A8C0458E97FA}"
EndProject
Global
	GlobalSection(SolutionConfigurationPlatforms) = preSolution
		Ad-Hoc|Any CPU = Ad-Hoc|Any CPU
		Ad-Hoc|iPhone = Ad-Hoc|iPhone
		Ad-Hoc|iPhoneSimulator = Ad-Hoc|iPhoneSimulator
		AppStore|Any CPU = AppStore|Any CPU
		AppStore|iPhone = AppStore|iPhone
		AppStore|iPhoneSimulator = AppStore|iPhoneSimulator
		Debug|Any CPU = Debug|Any CPU
		Debug|iPhone = Debug|iPhone
		Debug|iPhoneSimulator = Debug|iPhoneSimulator
		Release|Any CPU = Release|Any CPU
		Release|iPhone = Release|iPhone
		Release|iPhoneSimulator = Release|iPhoneSimulator
	EndGlobalSection
	GlobalSection(ProjectConfigurationPlatforms) = postSolution
		{4C8C86CB-543D-4E67-A93A-E5046F1E7540}.Ad-Hoc|Any CPU.ActiveCfg = Release|Any CPU
		{4C8C86CB-543D-4E67-A93A-E5046F1E7540}.Ad-Hoc|Any CPU.Build.0 = Release|Any CPU
		{4C8C86CB-543D-4E67-A93A-E5046F1E7540}.Ad-Hoc|Any CPU.Deploy.0 = Release|Any CPU
		{4C8C86CB-543D-4E67-A93A-E5046F1E7540}.Ad-Hoc|iPhone.ActiveCfg = Release|Any CPU
		{4C8C86CB-543D-4E67-A93A-E5046F1E7540}.Ad-Hoc|iPhone.Build.0 = Release|Any CPU
		{4C8C86CB-543D-4E67-A93A-E5046F1E7540}.Ad-Hoc|iPhone.Deploy.0 = Release|Any CPU
		{4C8C86CB-543D-4E67-A93A-E5046F1E7540}.Ad-Hoc|iPhoneSimulator.ActiveCfg = Release|Any CPU
		{4C8C86CB-543D-4E67-A93A-E5046F1E7540}.Ad-Hoc|iPhoneSimulator.Build.0 = Release|Any CPU
		{4C8C86CB-543D-4E67-A93A-E5046F1E7540}.Ad-Hoc|iPhoneSimulator.Deploy.0 = Release|Any CPU
		{4C8C86CB-543D-4E67-A93A-E5046F1E7540}.AppStore|Any CPU.ActiveCfg = Release|Any CPU
		{4C8C86CB-543D-4E67-A93A-E5046F1E7540}.AppStore|Any CPU.Build.0 = Release|Any CPU
		{4C8C86CB-543D-4E67-A93A-E5046F1E7540}.AppStore|Any CPU.Deploy.0 = Release|Any CPU
		{4C8C86CB-543D-4E67-A93A-E5046F1E7540}.AppStore|iPhone.ActiveCfg = Release|Any CPU
		{4C8C86CB-543D-4E67-A93A-E5046F1E7540}.AppStore|iPhone.Build.0 = Release|Any CPU
		{4C8C86CB-543D-4E67-A93A-E5046F1E7540}.AppStore|iPhone.Deploy.0 = Release|Any CPU
		{4C8C86CB-543D-4E67-A93A-E5046F1E7540}.AppStore|iPhoneSimulator.ActiveCfg = Release|Any CPU
		{4C8C86CB-543D-4E67-A93A-E5046F1E7540}.AppStore|iPhoneSimulator.Build.0 = Release|Any CPU
		{4C8C86CB-543D-4E67-A93A-E5046F1E7540}.AppStore|iPhoneSimulator.Deploy.0 = Release|Any CPU
		{4C8C86CB-543D-4E67-A93A-E5046F1E7540}.Debug|Any CPU.ActiveCfg = Debug|Any CPU
		{4C8C86CB-543D-4E67-A93A-E5046F1E7540}.Debug|Any CPU.Build.0 = Debug|Any CPU
		{4C8C86CB-543D-4E67-A93A-E5046F1E7540}.Debug|Any CPU.Deploy.0 = Debug|Any CPU
		{4C8C86CB-543D-4E67-A93A-E5046F1E7540}.Debug|iPhone.ActiveCfg = Debug|Any CPU
		{4C8C86CB-543D-4E67-A93A-E5046F1E7540}.Debug|iPhone.Build.0 = Debug|Any CPU
		{4C8C86CB-543D-4E67-A93A-E5046F1E7540}.Debug|iPhone.Deploy.0 = Debug|Any CPU
		{4C8C86CB-543D-4E67-A93A-E5046F1E7540}.Debug|iPhoneSimulator.ActiveCfg = Debug|Any CPU
		{4C8C86CB-543D-4E67-A93A-E5046F1E7540}.Debug|iPhoneSimulator.Build.0 = Debug|Any CPU
		{4C8C86CB-543D-4E67-A93A-E5046F1E7540}.Debug|iPhoneSimulator.Deploy.0 = Debug|Any CPU
		{4C8C86CB-543D-4E67-A93A-E5046F1E7540}.Release|Any CPU.ActiveCfg = Release|Any CPU
		{4C8C86CB-543D-4E67-A93A-E5046F1E7540}.Release|Any CPU.Build.0 = Release|Any CPU
		{4C8C86CB-543D-4E67-A93A-E5046F1E7540}.Release|Any CPU.Deploy.0 = Release|Any CPU
		{4C8C86CB-543D-4E67-A93A-E5046F1E7540}.Release|iPhone.ActiveCfg = Release|Any CPU
		{4C8C86CB-543D-4E67-A93A-E5046F1E7540}.Release|iPhone.Build.0 = Release|Any CPU
		{4C8C86CB-543D-4E67-A93A-E5046F1E7540}.Release|iPhone.Deploy.0 = Release|Any CPU
		{4C8C86CB-543D-4E67-A93A-E5046F1E7540}.Release|iPhoneSimulator.ActiveCfg = Release|Any CPU
		{4C8C86CB-543D-4E67-A93A-E5046F1E7540}.Release|iPhoneSimulator.Build.0 = Release|Any CPU
		{4C8C86CB-543D-4E67-A93A-E5046F1E7540}.Release|iPhoneSimulator.Deploy.0 = Release|Any CPU
		{24D79911-9BDE-4DC8-9BB5-2891BDDB50DC}.Ad-Hoc|Any CPU.ActiveCfg = Ad-Hoc|iPhone
		{24D79911-9BDE-4DC8-9BB5-2891BDDB50DC}.Ad-Hoc|iPhone.ActiveCfg = Ad-Hoc|iPhone
		{24D79911-9BDE-4DC8-9BB5-2891BDDB50DC}.Ad-Hoc|iPhone.Build.0 = Ad-Hoc|iPhone
		{24D79911-9BDE-4DC8-9BB5-2891BDDB50DC}.Ad-Hoc|iPhoneSimulator.ActiveCfg = Ad-Hoc|iPhoneSimulator
		{24D79911-9BDE-4DC8-9BB5-2891BDDB50DC}.Ad-Hoc|iPhoneSimulator.Build.0 = Ad-Hoc|iPhoneSimulator
		{24D79911-9BDE-4DC8-9BB5-2891BDDB50DC}.AppStore|Any CPU.ActiveCfg = AppStore|iPhone
		{24D79911-9BDE-4DC8-9BB5-2891BDDB50DC}.AppStore|iPhone.ActiveCfg = AppStore|iPhone
		{24D79911-9BDE-4DC8-9BB5-2891BDDB50DC}.AppStore|iPhone.Build.0 = AppStore|iPhone
		{24D79911-9BDE-4DC8-9BB5-2891BDDB50DC}.AppStore|iPhoneSimulator.ActiveCfg = AppStore|iPhoneSimulator
		{24D79911-9BDE-4DC8-9BB5-2891BDDB50DC}.AppStore|iPhoneSimulator.Build.0 = AppStore|iPhoneSimulator
		{24D79911-9BDE-4DC8-9BB5-2891BDDB50DC}.Debug|Any CPU.ActiveCfg = Debug|iPhone
		{24D79911-9BDE-4DC8-9BB5-2891BDDB50DC}.Debug|iPhone.ActiveCfg = Debug|iPhone
		{24D79911-9BDE-4DC8-9BB5-2891BDDB50DC}.Debug|iPhoneSimulator.ActiveCfg = Debug|iPhoneSimulator
		{24D79911-9BDE-4DC8-9BB5-2891BDDB50DC}.Debug|iPhoneSimulator.Build.0 = Debug|iPhoneSimulator
		{24D79911-9BDE-4DC8-9BB5-2891BDDB50DC}.Release|Any CPU.ActiveCfg = Release|iPhone
		{24D79911-9BDE-4DC8-9BB5-2891BDDB50DC}.Release|iPhone.ActiveCfg = Release|iPhone
		{24D79911-9BDE-4DC8-9BB5-2891BDDB50DC}.Release|iPhone.Build.0 = Release|iPhone
		{24D79911-9BDE-4DC8-9BB5-2891BDDB50DC}.Release|iPhoneSimulator.ActiveCfg = Release|iPhoneSimulator
		{24D79911-9BDE-4DC8-9BB5-2891BDDB50DC}.Release|iPhoneSimulator.Build.0 = Release|iPhoneSimulator
		{24D79911-9BDE-4DC8-9BB5-2891BDDB50DC}.Debug|Any CPU.Build.0 = Debug|iPhone
		{24D79911-9BDE-4DC8-9BB5-2891BDDB50DC}.Debug|iPhone.Build.0 = Debug|iPhone
		{BE56F10F-47D4-4D79-B15D-A8C0458E97FA}.Ad-Hoc|Any CPU.ActiveCfg = Debug|Any CPU
		{BE56F10F-47D4-4D79-B15D-A8C0458E97FA}.Ad-Hoc|Any CPU.Build.0 = Debug|Any CPU
		{BE56F10F-47D4-4D79-B15D-A8C0458E97FA}.Ad-Hoc|iPhone.ActiveCfg = Debug|Any CPU
		{BE56F10F-47D4-4D79-B15D-A8C0458E97FA}.Ad-Hoc|iPhone.Build.0 = Debug|Any CPU
		{BE56F10F-47D4-4D79-B15D-A8C0458E97FA}.Ad-Hoc|iPhoneSimulator.ActiveCfg = Debug|Any CPU
		{BE56F10F-47D4-4D79-B15D-A8C0458E97FA}.Ad-Hoc|iPhoneSimulator.Build.0 = Debug|Any CPU
		{BE56F10F-47D4-4D79-B15D-A8C0458E97FA}.AppStore|Any CPU.ActiveCfg = Debug|Any CPU
		{BE56F10F-47D4-4D79-B15D-A8C0458E97FA}.AppStore|Any CPU.Build.0 = Debug|Any CPU
		{BE56F10F-47D4-4D79-B15D-A8C0458E97FA}.AppStore|iPhone.ActiveCfg = Debug|Any CPU
		{BE56F10F-47D4-4D79-B15D-A8C0458E97FA}.AppStore|iPhone.Build.0 = Debug|Any CPU
		{BE56F10F-47D4-4D79-B15D-A8C0458E97FA}.AppStore|iPhoneSimulator.ActiveCfg = Debug|Any CPU
		{BE56F10F-47D4-4D79-B15D-A8C0458E97FA}.AppStore|iPhoneSimulator.Build.0 = Debug|Any CPU
		{BE56F10F-47D4-4D79-B15D-A8C0458E97FA}.Debug|Any CPU.ActiveCfg = Debug|Any CPU
		{BE56F10F-47D4-4D79-B15D-A8C0458E97FA}.Debug|Any CPU.Build.0 = Debug|Any CPU
		{BE56F10F-47D4-4D79-B15D-A8C0458E97FA}.Debug|iPhone.ActiveCfg = Debug|Any CPU
		{BE56F10F-47D4-4D79-B15D-A8C0458E97FA}.Debug|iPhone.Build.0 = Debug|Any CPU
		{BE56F10F-47D4-4D79-B15D-A8C0458E97FA}.Debug|iPhoneSimulator.ActiveCfg = Debug|Any CPU
		{BE56F10F-47D4-4D79-B15D-A8C0458E97FA}.Debug|iPhoneSimulator.Build.0 = Debug|Any CPU
		{BE56F10F-47D4-4D79-B15D-A8C0458E97FA}.Release|Any CPU.ActiveCfg = Release|Any CPU
		{BE56F10F-47D4-4D79-B15D-A8C0458E97FA}.Release|Any CPU.Build.0 = Release|Any CPU
		{BE56F10F-47D4-4D79-B15D-A8C0458E97FA}.Release|iPhone.ActiveCfg = Release|Any CPU
		{BE56F10F-47D4-4D79-B15D-A8C0458E97FA}.Release|iPhone.Build.0 = Release|Any CPU
		{BE56F10F-47D4-4D79-B15D-A8C0458E97FA}.Release|iPhoneSimulator.ActiveCfg = Release|Any CPU
		{BE56F10F-47D4-4D79-B15D-A8C0458E97FA}.Release|iPhoneSimulator.Build.0 = Release|Any CPU
	EndGlobalSection
	GlobalSection(SolutionProperties) = preSolution
		HideSolutionNode = FALSE
	EndGlobalSection
	GlobalSection(ExtensibilityGlobals) = postSolution
		SolutionGuid = {EF37F795-0D80-4080-A8A3-D75A27FE5697}
	EndGlobalSection
EndGlobal
